
Microsoft Visual Studio Solution File, Format Version 12.00
# Visual Studio Version 17
VisualStudioVersion = 17.9.34616.47
MinimumVisualStudioVersion = 10.0.40219.1
Project("{FAE04EC0-301F-11D3-BF4B-00C04F79EFBC}") = "Angular_JS", "Angular_JS\Angular_JS.csproj", "{30821217-1F67-4B0B-8D83-09BDF49A4657}"
EndProject
Global
	GlobalSection(SolutionConfigurationPlatforms) = preSolution
		Debug|Any CPU = Debug|Any CPU
		Release|Any CPU = Release|Any CPU
	EndGlobalSection
	GlobalSection(ProjectConfigurationPlatforms) = postSolution
		{30821217-1F67-4B0B-8D83-09BDF49A4657}.Debug|Any CPU.ActiveCfg = Debug|Any CPU
		{30821217-1F67-4B0B-8D83-09BDF49A4657}.Debug|Any CPU.Build.0 = Debug|Any CPU
		{30821217-1F67-4B0B-8D83-09BDF49A4657}.Release|Any CPU.ActiveCfg = Release|Any CPU
		{30821217-1F67-4B0B-8D83-09BDF49A4657}.Release|Any CPU.Build.0 = Release|Any CPU
	EndGlobalSection
	GlobalSection(SolutionProperties) = preSolution
		HideSolutionNode = FALSE
	EndGlobalSection
	GlobalSection(ExtensibilityGlobals) = postSolution
		SolutionGuid = {A60815BA-A217-4D42-9493-5EFD091E1472}
	EndGlobalSection
EndGlobal
